// !$*UTF8*$!
{
	archiveVersion = 1;
	classes = {
	};
	objectVersion = 56;
	objects = {

/* Begin PBXBuildFile section */
		4E1794682C3059E500EF306D /* AppDelegate.swift in Sources */ = {isa = PBXBuildFile; fileRef = 4E1794672C3059E500EF306D /* AppDelegate.swift */; };
		4E17946A2C3059E500EF306D /* SceneDelegate.swift in Sources */ = {isa = PBXBuildFile; fileRef = 4E1794692C3059E500EF306D /* SceneDelegate.swift */; };
		4E17946C2C3059E500EF306D /* GameViewController.swift in Sources */ = {isa = PBXBuildFile; fileRef = 4E17946B2C3059E500EF306D /* GameViewController.swift */; };
		4E1794712C3059E600EF306D /* Assets.xcassets in Resources */ = {isa = PBXBuildFile; fileRef = 4E1794702C3059E600EF306D /* Assets.xcassets */; };
		4E1794742C3059E600EF306D /* Base in Resources */ = {isa = PBXBuildFile; fileRef = 4E1794732C3059E600EF306D /* Base */; };
		4E17947C2C3061C600EF306D /* BoardView.swift in Sources */ = {isa = PBXBuildFile; fileRef = 4E17947B2C3061C600EF306D /* BoardView.swift */; };
		4E17947E2C30754600EF306D /* TileView.swift in Sources */ = {isa = PBXBuildFile; fileRef = 4E17947D2C30754600EF306D /* TileView.swift */; };
		4E1794802C307E8C00EF306D /* Resources.swift in Sources */ = {isa = PBXBuildFile; fileRef = 4E17947F2C307E8C00EF306D /* Resources.swift */; };
		4E4563ED2C3493DE00A5CEB5 /* Config.swift in Sources */ = {isa = PBXBuildFile; fileRef = 4E4563EC2C3493DE00A5CEB5 /* Config.swift */; };
		4E4563EF2C37D84800A5CEB5 /* HomeViewController.swift in Sources */ = {isa = PBXBuildFile; fileRef = 4E4563EE2C37D84800A5CEB5 /* HomeViewController.swift */; };
		4E4563F12C38871000A5CEB5 /* SettingsViewController.swift in Sources */ = {isa = PBXBuildFile; fileRef = 4E4563F02C38871000A5CEB5 /* SettingsViewController.swift */; };
		4E585D722C3E50A8007A6F4D /* SampleBoardView.swift in Sources */ = {isa = PBXBuildFile; fileRef = 4E585D712C3E50A8007A6F4D /* SampleBoardView.swift */; };
/* End PBXBuildFile section */

/* Begin PBXFileReference section */
		4E1794642C3059E500EF306D /* MinesweeperApp.app */ = {isa = PBXFileReference; explicitFileType = wrapper.application; includeInIndex = 0; path = MinesweeperApp.app; sourceTree = BUILT_PRODUCTS_DIR; };
		4E1794672C3059E500EF306D /* AppDelegate.swift */ = {isa = PBXFileReference; lastKnownFileType = sourcecode.swift; path = AppDelegate.swift; sourceTree = "<group>"; };
		4E1794692C3059E500EF306D /* SceneDelegate.swift */ = {isa = PBXFileReference; lastKnownFileType = sourcecode.swift; path = SceneDelegate.swift; sourceTree = "<group>"; };
		4E17946B2C3059E500EF306D /* GameViewController.swift */ = {isa = PBXFileReference; lastKnownFileType = sourcecode.swift; path = GameViewController.swift; sourceTree = "<group>"; };
		4E1794702C3059E600EF306D /* Assets.xcassets */ = {isa = PBXFileReference; lastKnownFileType = folder.assetcatalog; path = Assets.xcassets; sourceTree = "<group>"; };
		4E1794732C3059E600EF306D /* Base */ = {isa = PBXFileReference; lastKnownFileType = file.storyboard; name = Base; path = Base.lproj/LaunchScreen.storyboard; sourceTree = "<group>"; };
		4E1794752C3059E600EF306D /* Info.plist */ = {isa = PBXFileReference; lastKnownFileType = text.plist.xml; path = Info.plist; sourceTree = "<group>"; };
		4E17947B2C3061C600EF306D /* BoardView.swift */ = {isa = PBXFileReference; lastKnownFileType = sourcecode.swift; path = BoardView.swift; sourceTree = "<group>"; };
		4E17947D2C30754600EF306D /* TileView.swift */ = {isa = PBXFileReference; lastKnownFileType = sourcecode.swift; path = TileView.swift; sourceTree = "<group>"; };
		4E17947F2C307E8C00EF306D /* Resources.swift */ = {isa = PBXFileReference; lastKnownFileType = sourcecode.swift; path = Resources.swift; sourceTree = "<group>"; };
		4E4563EC2C3493DE00A5CEB5 /* Config.swift */ = {isa = PBXFileReference; lastKnownFileType = sourcecode.swift; path = Config.swift; sourceTree = "<group>"; };
		4E4563EE2C37D84800A5CEB5 /* HomeViewController.swift */ = {isa = PBXFileReference; lastKnownFileType = sourcecode.swift; path = HomeViewController.swift; sourceTree = "<group>"; };
		4E4563F02C38871000A5CEB5 /* SettingsViewController.swift */ = {isa = PBXFileReference; lastKnownFileType = sourcecode.swift; path = SettingsViewController.swift; sourceTree = "<group>"; };
		4E585D712C3E50A8007A6F4D /* SampleBoardView.swift */ = {isa = PBXFileReference; lastKnownFileType = sourcecode.swift; path = SampleBoardView.swift; sourceTree = "<group>"; };
/* End PBXFileReference section */

/* Begin PBXFrameworksBuildPhase section */
		4E1794612C3059E500EF306D /* Frameworks */ = {
			isa = PBXFrameworksBuildPhase;
			buildActionMask = 2147483647;
			files = (
			);
			runOnlyForDeploymentPostprocessing = 0;
		};
/* End PBXFrameworksBuildPhase section */

/* Begin PBXGroup section */
		4E17945B2C3059E500EF306D = {
			isa = PBXGroup;
			children = (
				4E1794662C3059E500EF306D /* MinesweeperApp */,
				4E1794652C3059E500EF306D /* Products */,
			);
			sourceTree = "<group>";
		};
		4E1794652C3059E500EF306D /* Products */ = {
			isa = PBXGroup;
			children = (
				4E1794642C3059E500EF306D /* MinesweeperApp.app */,
			);
			name = Products;
			sourceTree = "<group>";
		};
		4E1794662C3059E500EF306D /* MinesweeperApp */ = {
			isa = PBXGroup;
			children = (
				4E1794672C3059E500EF306D /* AppDelegate.swift */,
				4E4563F02C38871000A5CEB5 /* SettingsViewController.swift */,
				4E1794692C3059E500EF306D /* SceneDelegate.swift */,
				4E17946B2C3059E500EF306D /* GameViewController.swift */,
				4E4563EE2C37D84800A5CEB5 /* HomeViewController.swift */,
				4E585D712C3E50A8007A6F4D /* SampleBoardView.swift */,
				4E17947D2C30754600EF306D /* TileView.swift */,
				4E17947F2C307E8C00EF306D /* Resources.swift */,
				4E17947B2C3061C600EF306D /* BoardView.swift */,
				4E4563EC2C3493DE00A5CEB5 /* Config.swift */,
				4E1794702C3059E600EF306D /* Assets.xcassets */,
				4E1794722C3059E600EF306D /* LaunchScreen.storyboard */,
				4E1794752C3059E600EF306D /* Info.plist */,
			);
			path = MinesweeperApp;
			sourceTree = "<group>";
		};
/* End PBXGroup section */

/* Begin PBXNativeTarget section */
		4E1794632C3059E500EF306D /* MinesweeperApp */ = {
			isa = PBXNativeTarget;
			buildConfigurationList = 4E1794782C3059E600EF306D /* Build configuration list for PBXNativeTarget "MinesweeperApp" */;
			buildPhases = (
				4E1794602C3059E500EF306D /* Sources */,
				4E1794612C3059E500EF306D /* Frameworks */,
				4E1794622C3059E500EF306D /* Resources */,
			);
			buildRules = (
			);
			dependencies = (
			);
			name = MinesweeperApp;
			productName = MinesweeperApp;
			productReference = 4E1794642C3059E500EF306D /* MinesweeperApp.app */;
			productType = "com.apple.product-type.application";
		};
/* End PBXNativeTarget section */

/* Begin PBXProject section */
		4E17945C2C3059E500EF306D /* Project object */ = {
			isa = PBXProject;
			attributes = {
				BuildIndependentTargetsInParallel = 1;
				LastSwiftUpdateCheck = 1540;
				LastUpgradeCheck = 1540;
				TargetAttributes = {
					4E1794632C3059E500EF306D = {
						CreatedOnToolsVersion = 15.4;
					};
				};
			};
			buildConfigurationList = 4E17945F2C3059E500EF306D /* Build configuration list for PBXProject "MinesweeperApp" */;
			compatibilityVersion = "Xcode 14.0";
			developmentRegion = en;
			hasScannedForEncodings = 0;
			knownRegions = (
				en,
				Base,
			);
			mainGroup = 4E17945B2C3059E500EF306D;
			productRefGroup = 4E1794652C3059E500EF306D /* Products */;
			projectDirPath = "";
			projectRoot = "";
			targets = (
				4E1794632C3059E500EF306D /* MinesweeperApp */,
			);
		};
/* End PBXProject section */

/* Begin PBXResourcesBuildPhase section */
		4E1794622C3059E500EF306D /* Resources */ = {
			isa = PBXResourcesBuildPhase;
			buildActionMask = 2147483647;
			files = (
				4E1794712C3059E600EF306D /* Assets.xcassets in Resources */,
				4E1794742C3059E600EF306D /* Base in Resources */,
			);
			runOnlyForDeploymentPostprocessing = 0;
		};
/* End PBXResourcesBuildPhase section */

/* Begin PBXSourcesBuildPhase section */
		4E1794602C3059E500EF306D /* Sources */ = {
			isa = PBXSourcesBuildPhase;
			buildActionMask = 2147483647;
			files = (
				4E17946C2C3059E500EF306D /* GameViewController.swift in Sources */,
				4E4563ED2C3493DE00A5CEB5 /* Config.swift in Sources */,
				4E17947C2C3061C600EF306D /* BoardView.swift in Sources */,
				4E4563EF2C37D84800A5CEB5 /* HomeViewController.swift in Sources */,
				4E1794682C3059E500EF306D /* AppDelegate.swift in Sources */,
				4E1794802C307E8C00EF306D /* Resources.swift in Sources */,
				4E17947E2C30754600EF306D /* TileView.swift in Sources */,
				4E585D722C3E50A8007A6F4D /* SampleBoardView.swift in Sources */,
				4E17946A2C3059E500EF306D /* SceneDelegate.swift in Sources */,
				4E4563F12C38871000A5CEB5 /* SettingsViewController.swift in Sources */,
			);
			runOnlyForDeploymentPostprocessing = 0;
		};
/* End PBXSourcesBuildPhase section */

/* Begin PBXVariantGroup section */
		4E1794722C3059E600EF306D /* LaunchScreen.storyboard */ = {
			isa = PBXVariantGroup;
			children = (
				4E1794732C3059E600EF306D /* Base */,
			);
			name = LaunchScreen.storyboard;
			sourceTree = "<group>";
		};
/* End PBXVariantGroup section */

/* Begin XCBuildConfiguration section */
		4E1794762C3059E600EF306D /* Debug */ = {
			isa = XCBuildConfiguration;
			buildSettings = {
				ALWAYS_SEARCH_USER_PATHS = NO;
				ASSETCATALOG_COMPILER_GENERATE_SWIFT_ASSET_SYMBOL_EXTENSIONS = YES;
				CLANG_ANALYZER_NONNULL = YES;
				CLANG_ANALYZER_NUMBER_OBJECT_CONVERSION = YES_AGGRESSIVE;
				CLANG_CXX_LANGUAGE_STANDARD = "gnu++20";
				CLANG_ENABLE_MODULES = YES;
				CLANG_ENABLE_OBJC_ARC = YES;
				CLANG_ENABLE_OBJC_WEAK = YES;
				CLANG_WARN_BLOCK_CAPTURE_AUTORELEASING = YES;
				CLANG_WARN_BOOL_CONVERSION = YES;
				CLANG_WARN_COMMA = YES;
				CLANG_WARN_CONSTANT_CONVERSION = YES;
				CLANG_WARN_DEPRECATED_OBJC_IMPLEMENTATIONS = YES;
				CLANG_WARN_DIRECT_OBJC_ISA_USAGE = YES_ERROR;
				CLANG_WARN_DOCUMENTATION_COMMENTS = YES;
				CLANG_WARN_EMPTY_BODY = YES;
				CLANG_WARN_ENUM_CONVERSION = YES;
				CLANG_WARN_INFINITE_RECURSION = YES;
				CLANG_WARN_INT_CONVERSION = YES;
				CLANG_WARN_NON_LITERAL_NULL_CONVERSION = YES;
				CLANG_WARN_OBJC_IMPLICIT_RETAIN_SELF = YES;
				CLANG_WARN_OBJC_LITERAL_CONVERSION = YES;
				CLANG_WARN_OBJC_ROOT_CLASS = YES_ERROR;
				CLANG_WARN_QUOTED_INCLUDE_IN_FRAMEWORK_HEADER = YES;
				CLANG_WARN_RANGE_LOOP_ANALYSIS = YES;
				CLANG_WARN_STRICT_PROTOTYPES = YES;
				CLANG_WARN_SUSPICIOUS_MOVE = YES;
				CLANG_WARN_UNGUARDED_AVAILABILITY = YES_AGGRESSIVE;
				CLANG_WARN_UNREACHABLE_CODE = YES;
				CLANG_WARN__DUPLICATE_METHOD_MATCH = YES;
				COPY_PHASE_STRIP = NO;
				DEBUG_INFORMATION_FORMAT = dwarf;
				ENABLE_STRICT_OBJC_MSGSEND = YES;
				ENABLE_TESTABILITY = YES;
				ENABLE_USER_SCRIPT_SANDBOXING = YES;
				GCC_C_LANGUAGE_STANDARD = gnu17;
				GCC_DYNAMIC_NO_PIC = NO;
				GCC_NO_COMMON_BLOCKS = YES;
				GCC_OPTIMIZATION_LEVEL = 0;
				GCC_PREPROCESSOR_DEFINITIONS = (
					"DEBUG=1",
					"$(inherited)",
				);
				GCC_WARN_64_TO_32_BIT_CONVERSION = YES;
				GCC_WARN_ABOUT_RETURN_TYPE = YES_ERROR;
				GCC_WARN_UNDECLARED_SELECTOR = YES;
				GCC_WARN_UNINITIALIZED_AUTOS = YES_AGGRESSIVE;
				GCC_WARN_UNUSED_FUNCTION = YES;
				GCC_WARN_UNUSED_VARIABLE = YES;
				IPHONEOS_DEPLOYMENT_TARGET = 17.5;
				LOCALIZATION_PREFERS_STRING_CATALOGS = YES;
				MTL_ENABLE_DEBUG_INFO = INCLUDE_SOURCE;
				MTL_FAST_MATH = YES;
				ONLY_ACTIVE_ARCH = YES;
				SDKROOT = iphoneos;
				SWIFT_ACTIVE_COMPILATION_CONDITIONS = "DEBUG $(inherited)";
				SWIFT_OPTIMIZATION_LEVEL = "-Onone";
			};
			name = Debug;
		};
		4E1794772C3059E600EF306D /* Release */ = {
			isa = XCBuildConfiguration;
			buildSettings = {
				ALWAYS_SEARCH_USER_PATHS = NO;
				ASSETCATALOG_COMPILER_GENERATE_SWIFT_ASSET_SYMBOL_EXTENSIONS = YES;
				CLANG_ANALYZER_NONNULL = YES;
				CLANG_ANALYZER_NUMBER_OBJECT_CONVERSION = YES_AGGRESSIVE;
				CLANG_CXX_LANGUAGE_STANDARD = "gnu++20";
				CLANG_ENABLE_MODULES = YES;
				CLANG_ENABLE_OBJC_ARC = YES;
				CLANG_ENABLE_OBJC_WEAK = YES;
				CLANG_WARN_BLOCK_CAPTURE_AUTORELEASING = YES;
				CLANG_WARN_BOOL_CONVERSION = YES;
				CLANG_WARN_COMMA = YES;
				CLANG_WARN_CONSTANT_CONVERSION = YES;
				CLANG_WARN_DEPRECATED_OBJC_IMPLEMENTATIONS = YES;
				CLANG_WARN_DIRECT_OBJC_ISA_USAGE = YES_ERROR;
				CLANG_WARN_DOCUMENTATION_COMMENTS = YES;
				CLANG_WARN_EMPTY_BODY = YES;
				CLANG_WARN_ENUM_CONVERSION = YES;
				CLANG_WARN_INFINITE_RECURSION = YES;
				CLANG_WARN_INT_CONVERSION = YES;
				CLANG_WARN_NON_LITERAL_NULL_CONVERSION = YES;
				CLANG_WARN_OBJC_IMPLICIT_RETAIN_SELF = YES;
				CLANG_WARN_OBJC_LITERAL_CONVERSION = YES;
				CLANG_WARN_OBJC_ROOT_CLASS = YES_ERROR;
				CLANG_WARN_QUOTED_INCLUDE_IN_FRAMEWORK_HEADER = YES;
				CLANG_WARN_RANGE_LOOP_ANALYSIS = YES;
				CLANG_WARN_STRICT_PROTOTYPES = YES;
				CLANG_WARN_SUSPICIOUS_MOVE = YES;
				CLANG_WARN_UNGUARDED_AVAILABILITY = YES_AGGRESSIVE;
				CLANG_WARN_UNREACHABLE_CODE = YES;
				CLANG_WARN__DUPLICATE_METHOD_MATCH = YES;
				COPY_PHASE_STRIP = NO;
				DEBUG_INFORMATION_FORMAT = "dwarf-with-dsym";
				ENABLE_NS_ASSERTIONS = NO;
				ENABLE_STRICT_OBJC_MSGSEND = YES;
				ENABLE_USER_SCRIPT_SANDBOXING = YES;
				GCC_C_LANGUAGE_STANDARD = gnu17;
				GCC_NO_COMMON_BLOCKS = YES;
				GCC_WARN_64_TO_32_BIT_CONVERSION = YES;
				GCC_WARN_ABOUT_RETURN_TYPE = YES_ERROR;
				GCC_WARN_UNDECLARED_SELECTOR = YES;
				GCC_WARN_UNINITIALIZED_AUTOS = YES_AGGRESSIVE;
				GCC_WARN_UNUSED_FUNCTION = YES;
				GCC_WARN_UNUSED_VARIABLE = YES;
				IPHONEOS_DEPLOYMENT_TARGET = 17.5;
				LOCALIZATION_PREFERS_STRING_CATALOGS = YES;
				MTL_ENABLE_DEBUG_INFO = NO;
				MTL_FAST_MATH = YES;
				SDKROOT = iphoneos;
				SWIFT_COMPILATION_MODE = wholemodule;
				VALIDATE_PRODUCT = YES;
			};
			name = Release;
		};
		4E1794792C3059E600EF306D /* Debug */ = {
			isa = XCBuildConfiguration;
			buildSettings = {
				ASSETCATALOG_COMPILER_APPICON_NAME = AppIcon;
				ASSETCATALOG_COMPILER_GLOBAL_ACCENT_COLOR_NAME = AccentColor;
				CODE_SIGN_STYLE = Automatic;
				CURRENT_PROJECT_VERSION = 1;
				DEVELOPMENT_TEAM = KA3HNRKVFH;
				GENERATE_INFOPLIST_FILE = YES;
				INFOPLIST_FILE = MinesweeperApp/Info.plist;
				INFOPLIST_KEY_UIApplicationSupportsIndirectInputEvents = YES;
				INFOPLIST_KEY_UILaunchStoryboardName = LaunchScreen;
				INFOPLIST_KEY_UIMainStoryboardFile = "";
				INFOPLIST_KEY_UISupportedInterfaceOrientations_iPad = "UIInterfaceOrientationPortrait UIInterfaceOrientationPortraitUpsideDown UIInterfaceOrientationLandscapeLeft UIInterfaceOrientationLandscapeRight";
				INFOPLIST_KEY_UISupportedInterfaceOrientations_iPhone = "UIInterfaceOrientationPortrait UIInterfaceOrientationLandscapeLeft UIInterfaceOrientationLandscapeRight";
				LD_RUNPATH_SEARCH_PATHS = (
					"$(inherited)",
					"@executable_path/Frameworks",
				);
				MARKETING_VERSION = 1.0;
				PRODUCT_BUNDLE_IDENTIFIER = com.dakokin.MinesweeperApp;
				PRODUCT_NAME = "$(TARGET_NAME)";
				SUPPORTED_PLATFORMS = "iphoneos iphonesimulator";
				SUPPORTS_MACCATALYST = NO;
				SUPPORTS_MAC_DESIGNED_FOR_IPHONE_IPAD = NO;
				SUPPORTS_XR_DESIGNED_FOR_IPHONE_IPAD = NO;
				SWIFT_EMIT_LOC_STRINGS = YES;
				SWIFT_VERSION = 5.0;
				TARGETED_DEVICE_FAMILY = "1,2";
			};
			name = Debug;
		};
		4E17947A2C3059E600EF306D /* Release */ = {
			isa = XCBuildConfiguration;
			buildSettings = {
				ASSETCATALOG_COMPILER_APPICON_NAME = AppIcon;
				ASSETCATALOG_COMPILER_GLOBAL_ACCENT_COLOR_NAME = AccentColor;
				CODE_SIGN_STYLE = Automatic;
				CURRENT_PROJECT_VERSION = 1;
				DEVELOPMENT_TEAM = KA3HNRKVFH;
				GENERATE_INFOPLIST_FILE = YES;
				INFOPLIST_FILE = MinesweeperApp/Info.plist;
				INFOPLIST_KEY_UIApplicationSupportsIndirectInputEvents = YES;
				INFOPLIST_KEY_UILaunchStoryboardName = LaunchScreen;
				INFOPLIST_KEY_UIMainStoryboardFile = "";
				INFOPLIST_KEY_UISupportedInterfaceOrientations_iPad = "UIInterfaceOrientationPortrait UIInterfaceOrientationPortraitUpsideDown UIInterfaceOrientationLandscapeLeft UIInterfaceOrientationLandscapeRight";
				INFOPLIST_KEY_UISupportedInterfaceOrientations_iPhone = "UIInterfaceOrientationPortrait UIInterfaceOrientationLandscapeLeft UIInterfaceOrientationLandscapeRight";
				LD_RUNPATH_SEARCH_PATHS = (
					"$(inherited)",
					"@executable_path/Frameworks",
				);
				MARKETING_VERSION = 1.0;
				PRODUCT_BUNDLE_IDENTIFIER = com.dakokin.MinesweeperApp;
				PRODUCT_NAME = "$(TARGET_NAME)";
				SUPPORTED_PLATFORMS = "iphoneos iphonesimulator";
				SUPPORTS_MACCATALYST = NO;
				SUPPORTS_MAC_DESIGNED_FOR_IPHONE_IPAD = NO;
				SUPPORTS_XR_DESIGNED_FOR_IPHONE_IPAD = NO;
				SWIFT_EMIT_LOC_STRINGS = YES;
				SWIFT_VERSION = 5.0;
				TARGETED_DEVICE_FAMILY = "1,2";
			};
			name = Release;
		};
/* End XCBuildConfiguration section */

/* Begin XCConfigurationList section */
		4E17945F2C3059E500EF306D /* Build configuration list for PBXProject "MinesweeperApp" */ = {
			isa = XCConfigurationList;
			buildConfigurations = (
				4E1794762C3059E600EF306D /* Debug */,
				4E1794772C3059E600EF306D /* Release */,
			);
			defaultConfigurationIsVisible = 0;
			defaultConfigurationName = Release;
		};
		4E1794782C3059E600EF306D /* Build configuration list for PBXNativeTarget "MinesweeperApp" */ = {
			isa = XCConfigurationList;
			buildConfigurations = (
				4E1794792C3059E600EF306D /* Debug */,
				4E17947A2C3059E600EF306D /* Release */,
			);
			defaultConfigurationIsVisible = 0;
			defaultConfigurationName = Release;
		};
/* End XCConfigurationList section */
	};
	rootObject = 4E17945C2C3059E500EF306D /* Project object */;
}
